Microsoft Visual Studio Solution File, Format Version 12.00
# Visual Studio 2012
Project("{FAE04EC0-301F-11D3-BF4B-00C04F79EFBC}") = "Dungeon Breakers Project", "Dungeon Breakers Project.csproj", "{2CE23782-9446-4E3F-A051-94065C5BFD85}"
EndProject
Global
	GlobalSection(SolutionConfigurationPlatforms) = preSolution
	Debug|Any CPU = Debug|Any CPU
	ExportDebug|Any CPU = ExportDebug|Any CPU
	ExportRelease|Any CPU = ExportRelease|Any CPU
	EndGlobalSection
	GlobalSection(ProjectConfigurationPlatforms) = postSolution
		{2CE23782-9446-4E3F-A051-94065C5BFD85}.Debug|Any CPU.ActiveCfg = Debug|Any CPU
		{2CE23782-9446-4E3F-A051-94065C5BFD85}.Debug|Any CPU.Build.0 = Debug|Any CPU
		{2CE23782-9446-4E3F-A051-94065C5BFD85}.ExportDebug|Any CPU.ActiveCfg = ExportDebug|Any CPU
		{2CE23782-9446-4E3F-A051-94065C5BFD85}.ExportDebug|Any CPU.Build.0 = ExportDebug|Any CPU
		{2CE23782-9446-4E3F-A051-94065C5BFD85}.ExportRelease|Any CPU.ActiveCfg = ExportRelease|Any CPU
		{2CE23782-9446-4E3F-A051-94065C5BFD85}.ExportRelease|Any CPU.Build.0 = ExportRelease|Any CPU
	EndGlobalSection
EndGlobal
